# THIS IS AN AUTOGENERATED FILE. DO NOT EDIT THIS FILE DIRECTLY.
# yarn lockfile v1


"@openzeppelin/contracts@2.5.1":
  version "2.5.1"
  resolved "https://registry.yarnpkg.com/@openzeppelin/contracts/-/contracts-2.5.1.tgz#c76e3fc57aa224da3718ec351812a4251289db31"
  integrity sha512-qIy6tLx8rtybEsIOAlrM4J/85s2q2nPkDqj/Rx46VakBZ0LwtFhXIVub96LXHczQX0vaqmAueDqNPXtbSXSaYQ==

"@uniswap/lib@1.1.1":
  version "1.1.1"
  resolved "https://registry.yarnpkg.com/@uniswap/lib/-/lib-1.1.1.tgz#0afd29601846c16e5d082866cbb24a9e0758e6bc"
  integrity sha512-2yK7sLpKIT91TiS5sewHtOa7YuM8IuBXVl4GZv2jZFys4D2sY7K5vZh6MqD25TPA95Od+0YzCVq6cTF2IKrOmg==

"@uniswap/v2-core@1.0.0":
  version "1.0.0"
  resolved "https://registry.yarnpkg.com/@uniswap/v2-core/-/v2-core-1.0.0.tgz#e0fab91a7d53e8cafb5326ae4ca18351116b0844"
  integrity sha512-BJiXrBGnN8mti7saW49MXwxDBRFiWemGetE58q8zgfnPPzQKq55ADltEILqOt6VFZ22kVeVKbF8gVd8aY3l7pA==

"@uniswap/v2-periphery@^1.0.0-beta.0":
  version "1.0.0-beta.0"
  resolved "https://registry.yarnpkg.com/@uniswap/v2-periphery/-/v2-periphery-1.0.0-beta.0.tgz#53ccbd5f6a3e43fd37f04660625873dc7d5c57b2"
  integrity sha512-r0Iuk7L3gZzbmlZeNhMdLmG0fOqfHCoxmWqYQ9OX4r3w0lJ6dyErJ8kVdTy8PtairkuHkXWeH3OdyzzzBtyRpw==
  dependencies:
    "@uniswap/lib" "1.1.1"
    "@uniswap/v2-core" "1.0.0"
